// !$*UTF8*$!
{
	archiveVersion = 1;
	classes = {
	};
	objectVersion = 48;
	objects = {

/* Begin PBXBuildFile section */
		672235C0AA378C9A22EBD52A /* Pods_Course2FinalTask.framework in Frameworks */ = {isa = PBXBuildFile; fileRef = 7AAE99203C495AB3528FE9E4 /* Pods_Course2FinalTask.framework */; };
		74B79258202B3254006BCB41 /* AppDelegate.swift in Sources */ = {isa = PBXBuildFile; fileRef = 74B79257202B3254006BCB41 /* AppDelegate.swift */; };
		74B7925F202B3254006BCB41 /* Assets.xcassets in Resources */ = {isa = PBXBuildFile; fileRef = 74B7925E202B3254006BCB41 /* Assets.xcassets */; };
		B01331AB2659B797006BB5E5 /* VeganStylePersonalUse.ttf in Resources */ = {isa = PBXBuildFile; fileRef = B01331AA2659B797006BB5E5 /* VeganStylePersonalUse.ttf */; };
		B0634889264304B00033CAD9 /* CoreDataManager.swift in Sources */ = {isa = PBXBuildFile; fileRef = B0634888264304AF0033CAD9 /* CoreDataManager.swift */; };
		B063488C264304FA0033CAD9 /* instaApp.xcdatamodeld in Sources */ = {isa = PBXBuildFile; fileRef = B063488A264304FA0033CAD9 /* instaApp.xcdatamodeld */; };
		B063488F264309AB0033CAD9 /* KeychainManager.swift in Sources */ = {isa = PBXBuildFile; fileRef = B063488E264309AB0033CAD9 /* KeychainManager.swift */; };
		B0658F2626584D06003B38CB /* Localizable.strings in Resources */ = {isa = PBXBuildFile; fileRef = B0658F2826584D06003B38CB /* Localizable.strings */; };
		B0658F3C26585496003B38CB /* Storyboard.storyboard in Resources */ = {isa = PBXBuildFile; fileRef = B0658F3E26585496003B38CB /* Storyboard.storyboard */; };
		B0658F4B2658678B003B38CB /* Info.plist in Resources */ = {isa = PBXBuildFile; fileRef = B0658F492658678B003B38CB /* Info.plist */; };
		CF280CCE25DFF38F00BD3DE5 /* Token.swift in Sources */ = {isa = PBXBuildFile; fileRef = CF280CCD25DFF38F00BD3DE5 /* Token.swift */; };
		CF280CD125DFF3B200BD3DE5 /* PostID.swift in Sources */ = {isa = PBXBuildFile; fileRef = CF280CD025DFF3B200BD3DE5 /* PostID.swift */; };
		CF280CD425DFF3C100BD3DE5 /* UserID.swift in Sources */ = {isa = PBXBuildFile; fileRef = CF280CD325DFF3C100BD3DE5 /* UserID.swift */; };
		CF280CD725DFF3CF00BD3DE5 /* NewPost.swift in Sources */ = {isa = PBXBuildFile; fileRef = CF280CD625DFF3CF00BD3DE5 /* NewPost.swift */; };
		CF280CDA25DFF3E600BD3DE5 /* Sign.swift in Sources */ = {isa = PBXBuildFile; fileRef = CF280CD925DFF3E600BD3DE5 /* Sign.swift */; };
		CF280CDE25DFF6FC00BD3DE5 /* ErrorManager.swift in Sources */ = {isa = PBXBuildFile; fileRef = CF280CDD25DFF6FC00BD3DE5 /* ErrorManager.swift */; };
		CF5DF2E524E0045E00EDC3D1 /* ProfileCell.swift in Sources */ = {isa = PBXBuildFile; fileRef = CF5DF2E324E0045E00EDC3D1 /* ProfileCell.swift */; };
		CF5DF2E624E0045E00EDC3D1 /* ProfileCell.xib in Resources */ = {isa = PBXBuildFile; fileRef = CF5DF2E424E0045E00EDC3D1 /* ProfileCell.xib */; };
		CF5DF2E924E0306B00EDC3D1 /* Feed.swift in Sources */ = {isa = PBXBuildFile; fileRef = CF5DF2E724E0306B00EDC3D1 /* Feed.swift */; };
		CF5DF2EA24E0306B00EDC3D1 /* Feed.xib in Resources */ = {isa = PBXBuildFile; fileRef = CF5DF2E824E0306B00EDC3D1 /* Feed.xib */; };
		CF5DF2EC24E0349F00EDC3D1 /* FeedViewController.swift in Sources */ = {isa = PBXBuildFile; fileRef = CF5DF2EB24E0349F00EDC3D1 /* FeedViewController.swift */; };
		CF5DF2EE24E0498900EDC3D1 /* ProfileHeader.swift in Sources */ = {isa = PBXBuildFile; fileRef = CF5DF2ED24E0498900EDC3D1 /* ProfileHeader.swift */; };
		CF5F0A83253B30150083BA5B /* AllertViewController.swift in Sources */ = {isa = PBXBuildFile; fileRef = CF5F0A82253B30150083BA5B /* AllertViewController.swift */; };
		CF5F0A85253B30750083BA5B /* BlockViewController.swift in Sources */ = {isa = PBXBuildFile; fileRef = CF5F0A84253B30740083BA5B /* BlockViewController.swift */; };
		CF5F0A88253B7C2E0083BA5B /* NewViewController.swift in Sources */ = {isa = PBXBuildFile; fileRef = CF5F0A87253B7C2E0083BA5B /* NewViewController.swift */; };
		CF5F0A8A253B7C3A0083BA5B /* NewCell.swift in Sources */ = {isa = PBXBuildFile; fileRef = CF5F0A89253B7C3A0083BA5B /* NewCell.swift */; };
		CF5F0A8C253B7D590083BA5B /* AddFilterViewController.swift in Sources */ = {isa = PBXBuildFile; fileRef = CF5F0A8B253B7D590083BA5B /* AddFilterViewController.swift */; };
		CF5F0A8E253B7D960083BA5B /* FilterCell.swift in Sources */ = {isa = PBXBuildFile; fileRef = CF5F0A8D253B7D960083BA5B /* FilterCell.swift */; };
		CF5F0A90253B7DD20083BA5B /* FilterOperation.swift in Sources */ = {isa = PBXBuildFile; fileRef = CF5F0A8F253B7DD20083BA5B /* FilterOperation.swift */; };
		CF5F0A92253B7E020083BA5B /* ShareViewController.swift in Sources */ = {isa = PBXBuildFile; fileRef = CF5F0A91253B7E020083BA5B /* ShareViewController.swift */; };
		CF660BB425E036ED0013F721 /* APIManager.swift in Sources */ = {isa = PBXBuildFile; fileRef = CF660BB325E036ED0013F721 /* APIManager.swift */; };
		CF660BB825E040F90013F721 /* RequestManager.swift in Sources */ = {isa = PBXBuildFile; fileRef = CF660BB725E040F90013F721 /* RequestManager.swift */; };
		CF660BBB25E0416B0013F721 /* APIListManager.swift in Sources */ = {isa = PBXBuildFile; fileRef = CF660BBA25E0416B0013F721 /* APIListManager.swift */; };
		CF660BBE25E044CC0013F721 /* AutorizationViewController.swift in Sources */ = {isa = PBXBuildFile; fileRef = CF660BBD25E044CC0013F721 /* AutorizationViewController.swift */; };
		CF660BC325E11E520013F721 /* TabBarController.swift in Sources */ = {isa = PBXBuildFile; fileRef = CF660BC225E11E520013F721 /* TabBarController.swift */; };
		CF75675924CDB264005DD361 /* ProfileViewController.swift in Sources */ = {isa = PBXBuildFile; fileRef = CF75675824CDB264005DD361 /* ProfileViewController.swift */; };
		CF75675F24CDD08D005DD361 /* Followings.swift in Sources */ = {isa = PBXBuildFile; fileRef = CF75675E24CDD08D005DD361 /* Followings.swift */; };
		CF75676324CDF24B005DD361 /* Post.swift in Sources */ = {isa = PBXBuildFile; fileRef = CF75676224CDF24B005DD361 /* Post.swift */; };
		CF75676524CDF25B005DD361 /* User.swift in Sources */ = {isa = PBXBuildFile; fileRef = CF75676424CDF25B005DD361 /* User.swift */; };
		CFD542DC24E45406006B7E84 /* FollowerCellTableViewCell.swift in Sources */ = {isa = PBXBuildFile; fileRef = CFD542DB24E45406006B7E84 /* FollowerCellTableViewCell.swift */; };
/* End PBXBuildFile section */

/* Begin PBXFileReference section */
		74B79254202B3254006BCB41 /* Course2FinalTask.app */ = {isa = PBXFileReference; explicitFileType = wrapper.application; includeInIndex = 0; path = Course2FinalTask.app; sourceTree = BUILT_PRODUCTS_DIR; };
		74B79257202B3254006BCB41 /* AppDelegate.swift */ = {isa = PBXFileReference; lastKnownFileType = sourcecode.swift; path = AppDelegate.swift; sourceTree = "<group>"; };
		74B7925E202B3254006BCB41 /* Assets.xcassets */ = {isa = PBXFileReference; lastKnownFileType = folder.assetcatalog; path = Assets.xcassets; sourceTree = "<group>"; };
		7AAE99203C495AB3528FE9E4 /* Pods_Course2FinalTask.framework */ = {isa = PBXFileReference; explicitFileType = wrapper.framework; includeInIndex = 0; path = Pods_Course2FinalTask.framework; sourceTree = BUILT_PRODUCTS_DIR; };
		A7B4262D0A4CED94D3B381BA /* Pods-Course2FinalTask.release.xcconfig */ = {isa = PBXFileReference; includeInIndex = 1; lastKnownFileType = text.xcconfig; name = "Pods-Course2FinalTask.release.xcconfig"; path = "Target Support Files/Pods-Course2FinalTask/Pods-Course2FinalTask.release.xcconfig"; sourceTree = "<group>"; };
		B01331AA2659B797006BB5E5 /* VeganStylePersonalUse.ttf */ = {isa = PBXFileReference; lastKnownFileType = file; name = VeganStylePersonalUse.ttf; path = ../../../../Downloads/VeganStylePersonalUse.ttf; sourceTree = "<group>"; };
		B0634888264304AF0033CAD9 /* CoreDataManager.swift */ = {isa = PBXFileReference; lastKnownFileType = sourcecode.swift; path = CoreDataManager.swift; sourceTree = "<group>"; };
		B063488B264304FA0033CAD9 /* instaApp.xcdatamodel */ = {isa = PBXFileReference; lastKnownFileType = wrapper.xcdatamodel; path = instaApp.xcdatamodel; sourceTree = "<group>"; };
		B063488E264309AB0033CAD9 /* KeychainManager.swift */ = {isa = PBXFileReference; lastKnownFileType = sourcecode.swift; path = KeychainManager.swift; sourceTree = "<group>"; };
		B0658F2726584D06003B38CB /* en */ = {isa = PBXFileReference; lastKnownFileType = text.plist.strings; name = en; path = en.lproj/Localizable.strings; sourceTree = "<group>"; };
		B0658F2926584D0A003B38CB /* ru */ = {isa = PBXFileReference; lastKnownFileType = text.plist.strings; name = ru; path = ru.lproj/Localizable.strings; sourceTree = "<group>"; };
		B0658F3D26585496003B38CB /* Base */ = {isa = PBXFileReference; lastKnownFileType = file.storyboard; name = Base; path = Base.lproj/Storyboard.storyboard; sourceTree = "<group>"; };
		B0658F41265854B9003B38CB /* ru */ = {isa = PBXFileReference; lastKnownFileType = file.storyboard; name = ru; path = ru.lproj/Storyboard.storyboard; sourceTree = "<group>"; };
		B0658F4E26586818003B38CB /* en */ = {isa = PBXFileReference; lastKnownFileType = text.plist.xml; name = en; path = en.lproj/Info.plist; sourceTree = "<group>"; };
		BF2DD1DA444F38625B800AE8 /* Pods-Course2FinalTask.debug.xcconfig */ = {isa = PBXFileReference; includeInIndex = 1; lastKnownFileType = text.xcconfig; name = "Pods-Course2FinalTask.debug.xcconfig"; path = "Target Support Files/Pods-Course2FinalTask/Pods-Course2FinalTask.debug.xcconfig"; sourceTree = "<group>"; };
		CF280CCD25DFF38F00BD3DE5 /* Token.swift */ = {isa = PBXFileReference; lastKnownFileType = sourcecode.swift; path = Token.swift; sourceTree = "<group>"; };
		CF280CD025DFF3B200BD3DE5 /* PostID.swift */ = {isa = PBXFileReference; lastKnownFileType = sourcecode.swift; path = PostID.swift; sourceTree = "<group>"; };
		CF280CD325DFF3C100BD3DE5 /* UserID.swift */ = {isa = PBXFileReference; lastKnownFileType = sourcecode.swift; path = UserID.swift; sourceTree = "<group>"; };
		CF280CD625DFF3CF00BD3DE5 /* NewPost.swift */ = {isa = PBXFileReference; lastKnownFileType = sourcecode.swift; path = NewPost.swift; sourceTree = "<group>"; };
		CF280CD925DFF3E600BD3DE5 /* Sign.swift */ = {isa = PBXFileReference; lastKnownFileType = sourcecode.swift; path = Sign.swift; sourceTree = "<group>"; };
		CF280CDD25DFF6FC00BD3DE5 /* ErrorManager.swift */ = {isa = PBXFileReference; lastKnownFileType = sourcecode.swift; path = ErrorManager.swift; sourceTree = "<group>"; };
		CF5DF2E324E0045E00EDC3D1 /* ProfileCell.swift */ = {isa = PBXFileReference; lastKnownFileType = sourcecode.swift; path = ProfileCell.swift; sourceTree = "<group>"; };
		CF5DF2E424E0045E00EDC3D1 /* ProfileCell.xib */ = {isa = PBXFileReference; lastKnownFileType = file.xib; path = ProfileCell.xib; sourceTree = "<group>"; };
		CF5DF2E724E0306B00EDC3D1 /* Feed.swift */ = {isa = PBXFileReference; lastKnownFileType = sourcecode.swift; path = Feed.swift; sourceTree = "<group>"; };
		CF5DF2E824E0306B00EDC3D1 /* Feed.xib */ = {isa = PBXFileReference; lastKnownFileType = file.xib; path = Feed.xib; sourceTree = "<group>"; };
		CF5DF2EB24E0349F00EDC3D1 /* FeedViewController.swift */ = {isa = PBXFileReference; lastKnownFileType = sourcecode.swift; path = FeedViewController.swift; sourceTree = "<group>"; };
		CF5DF2ED24E0498900EDC3D1 /* ProfileHeader.swift */ = {isa = PBXFileReference; lastKnownFileType = sourcecode.swift; path = ProfileHeader.swift; sourceTree = "<group>"; };
		CF5F0A82253B30150083BA5B /* AllertViewController.swift */ = {isa = PBXFileReference; lastKnownFileType = sourcecode.swift; path = AllertViewController.swift; sourceTree = "<group>"; };
		CF5F0A84253B30740083BA5B /* BlockViewController.swift */ = {isa = PBXFileReference; lastKnownFileType = sourcecode.swift; path = BlockViewController.swift; sourceTree = "<group>"; };
		CF5F0A87253B7C2E0083BA5B /* NewViewController.swift */ = {isa = PBXFileReference; lastKnownFileType = sourcecode.swift; path = NewViewController.swift; sourceTree = "<group>"; };
		CF5F0A89253B7C3A0083BA5B /* NewCell.swift */ = {isa = PBXFileReference; lastKnownFileType = sourcecode.swift; path = NewCell.swift; sourceTree = "<group>"; };
		CF5F0A8B253B7D590083BA5B /* AddFilterViewController.swift */ = {isa = PBXFileReference; lastKnownFileType = sourcecode.swift; path = AddFilterViewController.swift; sourceTree = "<group>"; };
		CF5F0A8D253B7D960083BA5B /* FilterCell.swift */ = {isa = PBXFileReference; lastKnownFileType = sourcecode.swift; path = FilterCell.swift; sourceTree = "<group>"; };
		CF5F0A8F253B7DD20083BA5B /* FilterOperation.swift */ = {isa = PBXFileReference; lastKnownFileType = sourcecode.swift; path = FilterOperation.swift; sourceTree = "<group>"; };
		CF5F0A91253B7E020083BA5B /* ShareViewController.swift */ = {isa = PBXFileReference; lastKnownFileType = sourcecode.swift; path = ShareViewController.swift; sourceTree = "<group>"; };
		CF660BB325E036ED0013F721 /* APIManager.swift */ = {isa = PBXFileReference; lastKnownFileType = sourcecode.swift; path = APIManager.swift; sourceTree = "<group>"; };
		CF660BB725E040F90013F721 /* RequestManager.swift */ = {isa = PBXFileReference; lastKnownFileType = sourcecode.swift; path = RequestManager.swift; sourceTree = "<group>"; };
		CF660BBA25E0416B0013F721 /* APIListManager.swift */ = {isa = PBXFileReference; lastKnownFileType = sourcecode.swift; path = APIListManager.swift; sourceTree = "<group>"; };
		CF660BBD25E044CC0013F721 /* AutorizationViewController.swift */ = {isa = PBXFileReference; lastKnownFileType = sourcecode.swift; path = AutorizationViewController.swift; sourceTree = "<group>"; };
		CF660BC225E11E520013F721 /* TabBarController.swift */ = {isa = PBXFileReference; lastKnownFileType = sourcecode.swift; path = TabBarController.swift; sourceTree = "<group>"; };
		CF75675824CDB264005DD361 /* ProfileViewController.swift */ = {isa = PBXFileReference; lastKnownFileType = sourcecode.swift; path = ProfileViewController.swift; sourceTree = "<group>"; };
		CF75675E24CDD08D005DD361 /* Followings.swift */ = {isa = PBXFileReference; lastKnownFileType = sourcecode.swift; path = Followings.swift; sourceTree = "<group>"; };
		CF75676224CDF24B005DD361 /* Post.swift */ = {isa = PBXFileReference; lastKnownFileType = sourcecode.swift; path = Post.swift; sourceTree = "<group>"; };
		CF75676424CDF25B005DD361 /* User.swift */ = {isa = PBXFileReference; lastKnownFileType = sourcecode.swift; path = User.swift; sourceTree = "<group>"; };
		CFD542DB24E45406006B7E84 /* FollowerCellTableViewCell.swift */ = {isa = PBXFileReference; lastKnownFileType = sourcecode.swift; path = FollowerCellTableViewCell.swift; sourceTree = "<group>"; };
/* End PBXFileReference section */

/* Begin PBXFrameworksBuildPhase section */
		74B79251202B3254006BCB41 /* Frameworks */ = {
			isa = PBXFrameworksBuildPhase;
			buildActionMask = 2147483647;
			files = (
				672235C0AA378C9A22EBD52A /* Pods_Course2FinalTask.framework in Frameworks */,
			);
			runOnlyForDeploymentPostprocessing = 0;
		};
/* End PBXFrameworksBuildPhase section */

/* Begin PBXGroup section */
		294CC35C57115F5088258528 /* Frameworks */ = {
			isa = PBXGroup;
			children = (
				7AAE99203C495AB3528FE9E4 /* Pods_Course2FinalTask.framework */,
			);
			name = Frameworks;
			sourceTree = "<group>";
		};
		74B7924B202B3254006BCB41 = {
			isa = PBXGroup;
			children = (
				B0658F3E26585496003B38CB /* Storyboard.storyboard */,
				74B79256202B3254006BCB41 /* Course2FinalTask */,
				74B79255202B3254006BCB41 /* Products */,
				D5592B6311F75C023AD8EB25 /* Pods */,
				294CC35C57115F5088258528 /* Frameworks */,
			);
			sourceTree = "<group>";
		};
		74B79255202B3254006BCB41 /* Products */ = {
			isa = PBXGroup;
			children = (
				74B79254202B3254006BCB41 /* Course2FinalTask.app */,
			);
			name = Products;
			sourceTree = "<group>";
		};
		74B79256202B3254006BCB41 /* Course2FinalTask */ = {
			isa = PBXGroup;
			children = (
				74B7927B202B3427006BCB41 /* Code */,
				74B7927C202B342E006BCB41 /* Resources */,
				74B7927D202B3434006BCB41 /* Supporting Files */,
			);
			path = Course2FinalTask;
			sourceTree = "<group>";
		};
		74B7927B202B3427006BCB41 /* Code */ = {
			isa = PBXGroup;
			children = (
				74B79257202B3254006BCB41 /* AppDelegate.swift */,
				CF5F0A86253B7BB20083BA5B /* New Post */,
				CF660BC025E11E400013F721 /* TabBarController */,
				CF280CC625DFF0EA00BD3DE5 /* AutorizationView */,
				CF280CC825DFF13800BD3DE5 /* API */,
				B06348872643047C0033CAD9 /* CoreDataManager */,
				B063488D264309550033CAD9 /* Keychain Manager */,
				CF3C397F24DF06E300B4587B /* Model */,
				CF04393E24DFE5C300A29B35 /* Feed */,
				CF04394124DFE62600A29B35 /* Following */,
				CF04393F24DFE5FB00A29B35 /* Profile */,
			);
			path = Code;
			sourceTree = "<group>";
		};
		74B7927C202B342E006BCB41 /* Resources */ = {
			isa = PBXGroup;
			children = (
				B0658F2826584D06003B38CB /* Localizable.strings */,
				74B7925E202B3254006BCB41 /* Assets.xcassets */,
			);
			path = Resources;
			sourceTree = "<group>";
		};
		74B7927D202B3434006BCB41 /* Supporting Files */ = {
			isa = PBXGroup;
			children = (
				B0658F492658678B003B38CB /* Info.plist */,
				B01331AA2659B797006BB5E5 /* VeganStylePersonalUse.ttf */,
			);
			path = "Supporting Files";
			sourceTree = "<group>";
		};
		B06348872643047C0033CAD9 /* CoreDataManager */ = {
			isa = PBXGroup;
			children = (
				B0634888264304AF0033CAD9 /* CoreDataManager.swift */,
				B063488A264304FA0033CAD9 /* instaApp.xcdatamodeld */,
			);
			path = CoreDataManager;
			sourceTree = "<group>";
		};
		B063488D264309550033CAD9 /* Keychain Manager */ = {
			isa = PBXGroup;
			children = (
				B063488E264309AB0033CAD9 /* KeychainManager.swift */,
			);
			path = "Keychain Manager";
			sourceTree = "<group>";
		};
		CF04393E24DFE5C300A29B35 /* Feed */ = {
			isa = PBXGroup;
			children = (
				CF5DF2EB24E0349F00EDC3D1 /* FeedViewController.swift */,
				CF5DF2E724E0306B00EDC3D1 /* Feed.swift */,
				CF5DF2E824E0306B00EDC3D1 /* Feed.xib */,
			);
			path = Feed;
			sourceTree = "<group>";
		};
		CF04393F24DFE5FB00A29B35 /* Profile */ = {
			isa = PBXGroup;
			children = (
				CF75675824CDB264005DD361 /* ProfileViewController.swift */,
				CF5DF2E324E0045E00EDC3D1 /* ProfileCell.swift */,
				CF5DF2ED24E0498900EDC3D1 /* ProfileHeader.swift */,
				CF5DF2E424E0045E00EDC3D1 /* ProfileCell.xib */,
			);
			path = Profile;
			sourceTree = "<group>";
		};
		CF04394124DFE62600A29B35 /* Following */ = {
			isa = PBXGroup;
			children = (
				CF75675E24CDD08D005DD361 /* Followings.swift */,
				CFD542DB24E45406006B7E84 /* FollowerCellTableViewCell.swift */,
			);
			path = Following;
			sourceTree = "<group>";
		};
		CF280CC625DFF0EA00BD3DE5 /* AutorizationView */ = {
			isa = PBXGroup;
			children = (
				CF660BBD25E044CC0013F721 /* AutorizationViewController.swift */,
			);
			path = AutorizationView;
			sourceTree = "<group>";
		};
		CF280CC825DFF13800BD3DE5 /* API */ = {
			isa = PBXGroup;
			children = (
				CF660BB325E036ED0013F721 /* APIManager.swift */,
				CF280CDD25DFF6FC00BD3DE5 /* ErrorManager.swift */,
				CF660BB725E040F90013F721 /* RequestManager.swift */,
				CF660BBA25E0416B0013F721 /* APIListManager.swift */,
			);
			path = API;
			sourceTree = "<group>";
		};
		CF3C397F24DF06E300B4587B /* Model */ = {
			isa = PBXGroup;
			children = (
				CF280CD925DFF3E600BD3DE5 /* Sign.swift */,
				CF280CCD25DFF38F00BD3DE5 /* Token.swift */,
				CF280CD325DFF3C100BD3DE5 /* UserID.swift */,
				CF75676424CDF25B005DD361 /* User.swift */,
				CF280CD025DFF3B200BD3DE5 /* PostID.swift */,
				CF280CD625DFF3CF00BD3DE5 /* NewPost.swift */,
				CF75676224CDF24B005DD361 /* Post.swift */,
				CF5F0A82253B30150083BA5B /* AllertViewController.swift */,
				CF5F0A84253B30740083BA5B /* BlockViewController.swift */,
			);
			path = Model;
			sourceTree = "<group>";
		};
		CF5F0A86253B7BB20083BA5B /* New Post */ = {
			isa = PBXGroup;
			children = (
				CF5F0A87253B7C2E0083BA5B /* NewViewController.swift */,
				CF5F0A89253B7C3A0083BA5B /* NewCell.swift */,
				CF5F0A8B253B7D590083BA5B /* AddFilterViewController.swift */,
				CF5F0A8F253B7DD20083BA5B /* FilterOperation.swift */,
				CF5F0A8D253B7D960083BA5B /* FilterCell.swift */,
				CF5F0A91253B7E020083BA5B /* ShareViewController.swift */,
			);
			path = "New Post";
			sourceTree = "<group>";
		};
		CF660BC025E11E400013F721 /* TabBarController */ = {
			isa = PBXGroup;
			children = (
				CF660BC225E11E520013F721 /* TabBarController.swift */,
			);
			path = TabBarController;
			sourceTree = "<group>";
		};
		D5592B6311F75C023AD8EB25 /* Pods */ = {
			isa = PBXGroup;
			children = (
				BF2DD1DA444F38625B800AE8 /* Pods-Course2FinalTask.debug.xcconfig */,
				A7B4262D0A4CED94D3B381BA /* Pods-Course2FinalTask.release.xcconfig */,
			);
			path = Pods;
			sourceTree = "<group>";
		};
/* End PBXGroup section */

/* Begin PBXNativeTarget section */
		74B79253202B3254006BCB41 /* Course2FinalTask */ = {
			isa = PBXNativeTarget;
			buildConfigurationList = 74B79266202B3254006BCB41 /* Build configuration list for PBXNativeTarget "Course2FinalTask" */;
			buildPhases = (
				4E1D91A55A9380BAD32E4882 /* [CP] Check Pods Manifest.lock */,
				74B79250202B3254006BCB41 /* Sources */,
				74B79251202B3254006BCB41 /* Frameworks */,
				74B79252202B3254006BCB41 /* Resources */,
				5907EE576D8CFA9664D221F6 /* [CP] Embed Pods Frameworks */,
			);
			buildRules = (
			);
			dependencies = (
			);
			name = Course2FinalTask;
			productName = Course2Week3FinalTask;
			productReference = 74B79254202B3254006BCB41 /* Course2FinalTask.app */;
			productType = "com.apple.product-type.application";
		};
/* End PBXNativeTarget section */

/* Begin PBXProject section */
		74B7924C202B3254006BCB41 /* Project object */ = {
			isa = PBXProject;
			attributes = {
				LastSwiftUpdateCheck = 0920;
				LastUpgradeCheck = 1200;
				ORGANIZATIONNAME = "e-Legion";
				TargetAttributes = {
					74B79253202B3254006BCB41 = {
						CreatedOnToolsVersion = 9.2;
						LastSwiftMigration = 1100;
						ProvisioningStyle = Automatic;
					};
				};
			};
			buildConfigurationList = 74B7924F202B3254006BCB41 /* Build configuration list for PBXProject "Course2FinalTask" */;
			compatibilityVersion = "Xcode 8.0";
			developmentRegion = en;
			hasScannedForEncodings = 0;
			knownRegions = (
				en,
				Base,
				ru,
			);
			mainGroup = 74B7924B202B3254006BCB41;
			productRefGroup = 74B79255202B3254006BCB41 /* Products */;
			projectDirPath = "";
			projectRoot = "";
			targets = (
				74B79253202B3254006BCB41 /* Course2FinalTask */,
			);
		};
/* End PBXProject section */

/* Begin PBXResourcesBuildPhase section */
		74B79252202B3254006BCB41 /* Resources */ = {
			isa = PBXResourcesBuildPhase;
			buildActionMask = 2147483647;
			files = (
				B0658F2626584D06003B38CB /* Localizable.strings in Resources */,
				CF5DF2E624E0045E00EDC3D1 /* ProfileCell.xib in Resources */,
				B01331AB2659B797006BB5E5 /* VeganStylePersonalUse.ttf in Resources */,
				CF5DF2EA24E0306B00EDC3D1 /* Feed.xib in Resources */,
				74B7925F202B3254006BCB41 /* Assets.xcassets in Resources */,
				B0658F3C26585496003B38CB /* Storyboard.storyboard in Resources */,
				B0658F4B2658678B003B38CB /* Info.plist in Resources */,
			);
			runOnlyForDeploymentPostprocessing = 0;
		};
/* End PBXResourcesBuildPhase section */

/* Begin PBXShellScriptBuildPhase section */
		4E1D91A55A9380BAD32E4882 /* [CP] Check Pods Manifest.lock */ = {
			isa = PBXShellScriptBuildPhase;
			buildActionMask = 2147483647;
			files = (
			);
			inputFileListPaths = (
			);
			inputPaths = (
				"${PODS_PODFILE_DIR_PATH}/Podfile.lock",
				"${PODS_ROOT}/Manifest.lock",
			);
			name = "[CP] Check Pods Manifest.lock";
			outputFileListPaths = (
			);
			outputPaths = (
				"$(DERIVED_FILE_DIR)/Pods-Course2FinalTask-checkManifestLockResult.txt",
			);
			runOnlyForDeploymentPostprocessing = 0;
			shellPath = /bin/sh;
			shellScript = "diff \"${PODS_PODFILE_DIR_PATH}/Podfile.lock\" \"${PODS_ROOT}/Manifest.lock\" > /dev/null\nif [ $? != 0 ] ; then\n    # print error to STDERR\n    echo \"error: The sandbox is not in sync with the Podfile.lock. Run 'pod install' or update your CocoaPods installation.\" >&2\n    exit 1\nfi\n# This output is used by Xcode 'outputs' to avoid re-running this script phase.\necho \"SUCCESS\" > \"${SCRIPT_OUTPUT_FILE_0}\"\n";
			showEnvVarsInLog = 0;
		};
		5907EE576D8CFA9664D221F6 /* [CP] Embed Pods Frameworks */ = {
			isa = PBXShellScriptBuildPhase;
			buildActionMask = 2147483647;
			files = (
			);
			inputPaths = (
				"${PODS_ROOT}/Target Support Files/Pods-Course2FinalTask/Pods-Course2FinalTask-frameworks.sh",
				"${BUILT_PRODUCTS_DIR}/Kingfisher/Kingfisher.framework",
			);
			name = "[CP] Embed Pods Frameworks";
			outputPaths = (
				"${TARGET_BUILD_DIR}/${FRAMEWORKS_FOLDER_PATH}/Kingfisher.framework",
			);
			runOnlyForDeploymentPostprocessing = 0;
			shellPath = /bin/sh;
			shellScript = "\"${PODS_ROOT}/Target Support Files/Pods-Course2FinalTask/Pods-Course2FinalTask-frameworks.sh\"\n";
			showEnvVarsInLog = 0;
		};
/* End PBXShellScriptBuildPhase section */

/* Begin PBXSourcesBuildPhase section */
		74B79250202B3254006BCB41 /* Sources */ = {
			isa = PBXSourcesBuildPhase;
			buildActionMask = 2147483647;
			files = (
				CF75676524CDF25B005DD361 /* User.swift in Sources */,
				CF5F0A90253B7DD20083BA5B /* FilterOperation.swift in Sources */,
				CF280CDE25DFF6FC00BD3DE5 /* ErrorManager.swift in Sources */,
				CF660BB425E036ED0013F721 /* APIManager.swift in Sources */,
				CF280CD125DFF3B200BD3DE5 /* PostID.swift in Sources */,
				CF5DF2E924E0306B00EDC3D1 /* Feed.swift in Sources */,
				CF5F0A8E253B7D960083BA5B /* FilterCell.swift in Sources */,
				CF75675924CDB264005DD361 /* ProfileViewController.swift in Sources */,
				CF75676324CDF24B005DD361 /* Post.swift in Sources */,
				CF5F0A92253B7E020083BA5B /* ShareViewController.swift in Sources */,
				CF660BB825E040F90013F721 /* RequestManager.swift in Sources */,
				CF660BBE25E044CC0013F721 /* AutorizationViewController.swift in Sources */,
				CF5DF2E524E0045E00EDC3D1 /* ProfileCell.swift in Sources */,
				B0634889264304B00033CAD9 /* CoreDataManager.swift in Sources */,
				CF5F0A8C253B7D590083BA5B /* AddFilterViewController.swift in Sources */,
				CF660BC325E11E520013F721 /* TabBarController.swift in Sources */,
				CF280CDA25DFF3E600BD3DE5 /* Sign.swift in Sources */,
				B063488C264304FA0033CAD9 /* instaApp.xcdatamodeld in Sources */,
				CF660BBB25E0416B0013F721 /* APIListManager.swift in Sources */,
				CFD542DC24E45406006B7E84 /* FollowerCellTableViewCell.swift in Sources */,
				74B79258202B3254006BCB41 /* AppDelegate.swift in Sources */,
				CF5F0A85253B30750083BA5B /* BlockViewController.swift in Sources */,
				CF5F0A88253B7C2E0083BA5B /* NewViewController.swift in Sources */,
				CF280CD725DFF3CF00BD3DE5 /* NewPost.swift in Sources */,
				CF280CD425DFF3C100BD3DE5 /* UserID.swift in Sources */,
				CF280CCE25DFF38F00BD3DE5 /* Token.swift in Sources */,
				CF5F0A8A253B7C3A0083BA5B /* NewCell.swift in Sources */,
				B063488F264309AB0033CAD9 /* KeychainManager.swift in Sources */,
				CF75675F24CDD08D005DD361 /* Followings.swift in Sources */,
				CF5DF2EE24E0498900EDC3D1 /* ProfileHeader.swift in Sources */,
				CF5F0A83253B30150083BA5B /* AllertViewController.swift in Sources */,
				CF5DF2EC24E0349F00EDC3D1 /* FeedViewController.swift in Sources */,
			);
			runOnlyForDeploymentPostprocessing = 0;
		};
/* End PBXSourcesBuildPhase section */

/* Begin PBXVariantGroup section */
		B0658F2826584D06003B38CB /* Localizable.strings */ = {
			isa = PBXVariantGroup;
			children = (
				B0658F2726584D06003B38CB /* en */,
				B0658F2926584D0A003B38CB /* ru */,
			);
			name = Localizable.strings;
			sourceTree = "<group>";
		};
		B0658F3E26585496003B38CB /* Storyboard.storyboard */ = {
			isa = PBXVariantGroup;
			children = (
				B0658F3D26585496003B38CB /* Base */,
				B0658F41265854B9003B38CB /* ru */,
			);
			name = Storyboard.storyboard;
			sourceTree = "<group>";
		};
		B0658F492658678B003B38CB /* Info.plist */ = {
			isa = PBXVariantGroup;
			children = (
				B0658F4E26586818003B38CB /* en */,
			);
			name = Info.plist;
			sourceTree = "<group>";
		};
/* End PBXVariantGroup section */

/* Begin XCBuildConfiguration section */
		74B79264202B3254006BCB41 /* Debug */ = {
			isa = XCBuildConfiguration;
			buildSettings = {
				ALWAYS_SEARCH_USER_PATHS = NO;
				CLANG_ANALYZER_NONNULL = YES;
				CLANG_ANALYZER_NUMBER_OBJECT_CONVERSION = YES_AGGRESSIVE;
				CLANG_CXX_LANGUAGE_STANDARD = "gnu++14";
				CLANG_CXX_LIBRARY = "libc++";
				CLANG_ENABLE_MODULES = YES;
				CLANG_ENABLE_OBJC_ARC = YES;
				CLANG_WARN_BLOCK_CAPTURE_AUTORELEASING = YES;
				CLANG_WARN_BOOL_CONVERSION = YES;
				CLANG_WARN_COMMA = YES;
				CLANG_WARN_CONSTANT_CONVERSION = YES;
				CLANG_WARN_DEPRECATED_OBJC_IMPLEMENTATIONS = YES;
				CLANG_WARN_DIRECT_OBJC_ISA_USAGE = YES_ERROR;
				CLANG_WARN_DOCUMENTATION_COMMENTS = YES;
				CLANG_WARN_EMPTY_BODY = YES;
				CLANG_WARN_ENUM_CONVERSION = YES;
				CLANG_WARN_INFINITE_RECURSION = YES;
				CLANG_WARN_INT_CONVERSION = YES;
				CLANG_WARN_NON_LITERAL_NULL_CONVERSION = YES;
				CLANG_WARN_OBJC_IMPLICIT_RETAIN_SELF = YES;
				CLANG_WARN_OBJC_LITERAL_CONVERSION = YES;
				CLANG_WARN_OBJC_ROOT_CLASS = YES_ERROR;
				CLANG_WARN_QUOTED_INCLUDE_IN_FRAMEWORK_HEADER = YES;
				CLANG_WARN_RANGE_LOOP_ANALYSIS = YES;
				CLANG_WARN_STRICT_PROTOTYPES = YES;
				CLANG_WARN_SUSPICIOUS_MOVE = YES;
				CLANG_WARN_UNGUARDED_AVAILABILITY = YES_AGGRESSIVE;
				CLANG_WARN_UNREACHABLE_CODE = YES;
				CLANG_WARN__DUPLICATE_METHOD_MATCH = YES;
				CODE_SIGN_IDENTITY = "iPhone Developer";
				COPY_PHASE_STRIP = NO;
				DEBUG_INFORMATION_FORMAT = dwarf;
				ENABLE_STRICT_OBJC_MSGSEND = YES;
				ENABLE_TESTABILITY = YES;
				GCC_C_LANGUAGE_STANDARD = gnu11;
				GCC_DYNAMIC_NO_PIC = NO;
				GCC_NO_COMMON_BLOCKS = YES;
				GCC_OPTIMIZATION_LEVEL = 0;
				GCC_PREPROCESSOR_DEFINITIONS = (
					"DEBUG=1",
					"$(inherited)",
				);
				GCC_WARN_64_TO_32_BIT_CONVERSION = YES;
				GCC_WARN_ABOUT_RETURN_TYPE = YES_ERROR;
				GCC_WARN_UNDECLARED_SELECTOR = YES;
				GCC_WARN_UNINITIALIZED_AUTOS = YES_AGGRESSIVE;
				GCC_WARN_UNUSED_FUNCTION = YES;
				GCC_WARN_UNUSED_VARIABLE = YES;
				IPHONEOS_DEPLOYMENT_TARGET = 12.0;
				MTL_ENABLE_DEBUG_INFO = YES;
				ONLY_ACTIVE_ARCH = YES;
				SDKROOT = iphoneos;
				SWIFT_ACTIVE_COMPILATION_CONDITIONS = DEBUG;
				SWIFT_OPTIMIZATION_LEVEL = "-Onone";
			};
			name = Debug;
		};
		74B79265202B3254006BCB41 /* Release */ = {
			isa = XCBuildConfiguration;
			buildSettings = {
				ALWAYS_SEARCH_USER_PATHS = NO;
				CLANG_ANALYZER_NONNULL = YES;
				CLANG_ANALYZER_NUMBER_OBJECT_CONVERSION = YES_AGGRESSIVE;
				CLANG_CXX_LANGUAGE_STANDARD = "gnu++14";
				CLANG_CXX_LIBRARY = "libc++";
				CLANG_ENABLE_MODULES = YES;
				CLANG_ENABLE_OBJC_ARC = YES;
				CLANG_WARN_BLOCK_CAPTURE_AUTORELEASING = YES;
				CLANG_WARN_BOOL_CONVERSION = YES;
				CLANG_WARN_COMMA = YES;
				CLANG_WARN_CONSTANT_CONVERSION = YES;
				CLANG_WARN_DEPRECATED_OBJC_IMPLEMENTATIONS = YES;
				CLANG_WARN_DIRECT_OBJC_ISA_USAGE = YES_ERROR;
				CLANG_WARN_DOCUMENTATION_COMMENTS = YES;
				CLANG_WARN_EMPTY_BODY = YES;
				CLANG_WARN_ENUM_CONVERSION = YES;
				CLANG_WARN_INFINITE_RECURSION = YES;
				CLANG_WARN_INT_CONVERSION = YES;
				CLANG_WARN_NON_LITERAL_NULL_CONVERSION = YES;
				CLANG_WARN_OBJC_IMPLICIT_RETAIN_SELF = YES;
				CLANG_WARN_OBJC_LITERAL_CONVERSION = YES;
				CLANG_WARN_OBJC_ROOT_CLASS = YES_ERROR;
				CLANG_WARN_QUOTED_INCLUDE_IN_FRAMEWORK_HEADER = YES;
				CLANG_WARN_RANGE_LOOP_ANALYSIS = YES;
				CLANG_WARN_STRICT_PROTOTYPES = YES;
				CLANG_WARN_SUSPICIOUS_MOVE = YES;
				CLANG_WARN_UNGUARDED_AVAILABILITY = YES_AGGRESSIVE;
				CLANG_WARN_UNREACHABLE_CODE = YES;
				CLANG_WARN__DUPLICATE_METHOD_MATCH = YES;
				CODE_SIGN_IDENTITY = "iPhone Developer";
				COPY_PHASE_STRIP = NO;
				DEBUG_INFORMATION_FORMAT = "dwarf-with-dsym";
				ENABLE_NS_ASSERTIONS = NO;
				ENABLE_STRICT_OBJC_MSGSEND = YES;
				GCC_C_LANGUAGE_STANDARD = gnu11;
				GCC_NO_COMMON_BLOCKS = YES;
				GCC_WARN_64_TO_32_BIT_CONVERSION = YES;
				GCC_WARN_ABOUT_RETURN_TYPE = YES_ERROR;
				GCC_WARN_UNDECLARED_SELECTOR = YES;
				GCC_WARN_UNINITIALIZED_AUTOS = YES_AGGRESSIVE;
				GCC_WARN_UNUSED_FUNCTION = YES;
				GCC_WARN_UNUSED_VARIABLE = YES;
				IPHONEOS_DEPLOYMENT_TARGET = 12.0;
				MTL_ENABLE_DEBUG_INFO = NO;
				SDKROOT = iphoneos;
				SWIFT_OPTIMIZATION_LEVEL = "-Owholemodule";
				VALIDATE_PRODUCT = YES;
			};
			name = Release;
		};
		74B79267202B3254006BCB41 /* Debug */ = {
			isa = XCBuildConfiguration;
			baseConfigurationReference = BF2DD1DA444F38625B800AE8 /* Pods-Course2FinalTask.debug.xcconfig */;
			buildSettings = {
				ASSETCATALOG_COMPILER_APPICON_NAME = AppIcon;
				"CODE_SIGN_IDENTITY[sdk=iphoneos*]" = "iPhone Developer";
				CODE_SIGN_STYLE = Automatic;
				DEVELOPMENT_TEAM = B5VPLVL5AQ;
				ENABLE_BITCODE = NO;
				FRAMEWORK_SEARCH_PATHS = (
					"$(inherited)",
					"$(PROJECT_DIR)",
				);
				INFOPLIST_FILE = "$(SRCROOT)/Course2FinalTask/Supporting Files/Info.plist";
				IPHONEOS_DEPLOYMENT_TARGET = 13.0;
				LD_RUNPATH_SEARCH_PATHS = "$(inherited) @executable_path/Frameworks";
				PRODUCT_BUNDLE_IDENTIFIER = "mustdie-dezex-mail.ru";
				PRODUCT_NAME = "$(TARGET_NAME)";
				PROVISIONING_PROFILE_SPECIFIER = "";
				SWIFT_VERSION = 5.0;
				TARGETED_DEVICE_FAMILY = 1;
			};
			name = Debug;
		};
		74B79268202B3254006BCB41 /* Release */ = {
			isa = XCBuildConfiguration;
			baseConfigurationReference = A7B4262D0A4CED94D3B381BA /* Pods-Course2FinalTask.release.xcconfig */;
			buildSettings = {
				ASSETCATALOG_COMPILER_APPICON_NAME = AppIcon;
				"CODE_SIGN_IDENTITY[sdk=iphoneos*]" = "iPhone Developer";
				CODE_SIGN_STYLE = Automatic;
				DEVELOPMENT_TEAM = B5VPLVL5AQ;
				ENABLE_BITCODE = NO;
				FRAMEWORK_SEARCH_PATHS = (
					"$(inherited)",
					"$(PROJECT_DIR)",
				);
				INFOPLIST_FILE = "$(SRCROOT)/Course2FinalTask/Supporting Files/Info.plist";
				IPHONEOS_DEPLOYMENT_TARGET = 13.0;
				LD_RUNPATH_SEARCH_PATHS = "$(inherited) @executable_path/Frameworks";
				PRODUCT_BUNDLE_IDENTIFIER = "mustdie-dezex-mail.ru";
				PRODUCT_NAME = "$(TARGET_NAME)";
				PROVISIONING_PROFILE_SPECIFIER = "";
				SWIFT_VERSION = 5.0;
				TARGETED_DEVICE_FAMILY = 1;
			};
			name = Release;
		};
/* End XCBuildConfiguration section */

/* Begin XCConfigurationList section */
		74B7924F202B3254006BCB41 /* Build configuration list for PBXProject "Course2FinalTask" */ = {
			isa = XCConfigurationList;
			buildConfigurations = (
				74B79264202B3254006BCB41 /* Debug */,
				74B79265202B3254006BCB41 /* Release */,
			);
			defaultConfigurationIsVisible = 0;
			defaultConfigurationName = Release;
		};
		74B79266202B3254006BCB41 /* Build configuration list for PBXNativeTarget "Course2FinalTask" */ = {
			isa = XCConfigurationList;
			buildConfigurations = (
				74B79267202B3254006BCB41 /* Debug */,
				74B79268202B3254006BCB41 /* Release */,
			);
			defaultConfigurationIsVisible = 0;
			defaultConfigurationName = Release;
		};
/* End XCConfigurationList section */

/* Begin XCVersionGroup section */
		B063488A264304FA0033CAD9 /* instaApp.xcdatamodeld */ = {
			isa = XCVersionGroup;
			children = (
				B063488B264304FA0033CAD9 /* instaApp.xcdatamodel */,
			);
			currentVersion = B063488B264304FA0033CAD9 /* instaApp.xcdatamodel */;
			path = instaApp.xcdatamodeld;
			sourceTree = "<group>";
			versionGroupType = wrapper.xcdatamodel;
		};
/* End XCVersionGroup section */
	};
	rootObject = 74B7924C202B3254006BCB41 /* Project object */;
}
